
Microsoft Visual Studio Solution File, Format Version 12.00
# Visual Studio Version 17
VisualStudioVersion = 17.1.32319.34
MinimumVisualStudioVersion = 10.0.40219.1
Project("{FAE04EC0-301F-11D3-BF4B-00C04F79EFBC}") = "UniversalEqualizer", "UniversalEqualizer\UniversalEqualizer.csproj", "{447E63DE-B752-4AF9-87A5-BCF6555385C4}"
EndProject
Global
	GlobalSection(SolutionConfigurationPlatforms) = preSolution
		Debug|Any CPU = Debug|Any CPU
		Release|Any CPU = Release|Any CPU
	EndGlobalSection
	GlobalSection(ProjectConfigurationPlatforms) = postSolution
		{447E63DE-B752-4AF9-87A5-BCF6555385C4}.Debug|Any CPU.ActiveCfg = Debug|Any CPU
		{447E63DE-B752-4AF9-87A5-BCF6555385C4}.Debug|Any CPU.Build.0 = Debug|Any CPU
		{447E63DE-B752-4AF9-87A5-BCF6555385C4}.Release|Any CPU.ActiveCfg = Release|Any CPU
		{447E63DE-B752-4AF9-87A5-BCF6555385C4}.Release|Any CPU.Build.0 = Release|Any CPU
	EndGlobalSection
	GlobalSection(SolutionProperties) = preSolution
		HideSolutionNode = FALSE
	EndGlobalSection
	GlobalSection(ExtensibilityGlobals) = postSolution
		SolutionGuid = {61A6C475-AC4D-4F3D-904C-C9AD910A8001}
	EndGlobalSection
EndGlobal
