
Microsoft Visual Studio Solution File, Format Version 12.00
# Visual Studio Version 17
VisualStudioVersion = 17.3.32819.101
MinimumVisualStudioVersion = 10.0.40219.1
Project("{FAE04EC0-301F-11D3-BF4B-00C04F79EFBC}") = "VirtualBassSpeaker", "VirtualBassSpeaker\VirtualBassSpeaker.csproj", "{4541C688-85E5-47E9-8C3B-8322D6B7F767}"
EndProject
Global
	GlobalSection(SolutionConfigurationPlatforms) = preSolution
		Debug|Any CPU = Debug|Any CPU
		Release|Any CPU = Release|Any CPU
	EndGlobalSection
	GlobalSection(ProjectConfigurationPlatforms) = postSolution
		{4541C688-85E5-47E9-8C3B-8322D6B7F767}.Debug|Any CPU.ActiveCfg = Debug|Any CPU
		{4541C688-85E5-47E9-8C3B-8322D6B7F767}.Debug|Any CPU.Build.0 = Debug|Any CPU
		{4541C688-85E5-47E9-8C3B-8322D6B7F767}.Release|Any CPU.ActiveCfg = Release|Any CPU
		{4541C688-85E5-47E9-8C3B-8322D6B7F767}.Release|Any CPU.Build.0 = Release|Any CPU
	EndGlobalSection
	GlobalSection(SolutionProperties) = preSolution
		HideSolutionNode = FALSE
	EndGlobalSection
	GlobalSection(ExtensibilityGlobals) = postSolution
		SolutionGuid = {D5BAD0D5-B564-494B-9DA7-0E7C19180661}
	EndGlobalSection
EndGlobal
