
Microsoft Visual Studio Solution File, Format Version 12.00
# Visual Studio Version 17
VisualStudioVersion = 17.5.33627.172
MinimumVisualStudioVersion = 10.0.40219.1
Project("{FAE04EC0-301F-11D3-BF4B-00C04F79EFBC}") = "EchoRepulsor", "EchoRepulsor\EchoRepulsor.csproj", "{D71CF737-0146-460E-B80D-886A53F8276E}"
EndProject
Global
	GlobalSection(SolutionConfigurationPlatforms) = preSolution
		Debug|Any CPU = Debug|Any CPU
		Release|Any CPU = Release|Any CPU
	EndGlobalSection
	GlobalSection(ProjectConfigurationPlatforms) = postSolution
		{D71CF737-0146-460E-B80D-886A53F8276E}.Debug|Any CPU.ActiveCfg = Debug|Any CPU
		{D71CF737-0146-460E-B80D-886A53F8276E}.Debug|Any CPU.Build.0 = Debug|Any CPU
		{D71CF737-0146-460E-B80D-886A53F8276E}.Release|Any CPU.ActiveCfg = Release|Any CPU
		{D71CF737-0146-460E-B80D-886A53F8276E}.Release|Any CPU.Build.0 = Release|Any CPU
	EndGlobalSection
	GlobalSection(SolutionProperties) = preSolution
		HideSolutionNode = FALSE
	EndGlobalSection
	GlobalSection(ExtensibilityGlobals) = postSolution
		SolutionGuid = {20BA05E3-0007-4301-BBC3-0FBFC9C76EC0}
	EndGlobalSection
EndGlobal
