
Microsoft Visual Studio Solution File, Format Version 12.00
# Visual Studio Version 16
VisualStudioVersion = 16.0.30907.101
MinimumVisualStudioVersion = 10.0.40219.1
Project("{FAE04EC0-301F-11D3-BF4B-00C04F79EFBC}") = "ModernEqualizer", "ModernEqualizer\ModernEqualizer.csproj", "{30E3869D-A323-4B40-9D61-5A01C068C66B}"
EndProject
Global
	GlobalSection(SolutionConfigurationPlatforms) = preSolution
		Debug|Any CPU = Debug|Any CPU
		Release|Any CPU = Release|Any CPU
	EndGlobalSection
	GlobalSection(ProjectConfigurationPlatforms) = postSolution
		{30E3869D-A323-4B40-9D61-5A01C068C66B}.Debug|Any CPU.ActiveCfg = Debug|Any CPU
		{30E3869D-A323-4B40-9D61-5A01C068C66B}.Debug|Any CPU.Build.0 = Debug|Any CPU
		{30E3869D-A323-4B40-9D61-5A01C068C66B}.Release|Any CPU.ActiveCfg = Release|Any CPU
		{30E3869D-A323-4B40-9D61-5A01C068C66B}.Release|Any CPU.Build.0 = Release|Any CPU
	EndGlobalSection
	GlobalSection(SolutionProperties) = preSolution
		HideSolutionNode = FALSE
	EndGlobalSection
	GlobalSection(ExtensibilityGlobals) = postSolution
		SolutionGuid = {278F6723-818A-4425-B9CE-C7A734F16AB9}
	EndGlobalSection
EndGlobal
